
Microsoft Visual Studio Solution File, Format Version 12.00
# Visual Studio 15
VisualStudioVersion = 15.0.27004.2002
MinimumVisualStudioVersion = 10.0.40219.1
Project("{FAE04EC0-301F-11D3-BF4B-00C04F79EFBC}") = "AzureDeploymentWebsite", "AzureDeploymentWebsite\AzureDeploymentWebsite.csproj", "{2461776F-CBEB-423A-B979-93D440A608C1}"
EndProject
Global
	GlobalSection(SolutionConfigurationPlatforms) = preSolution
		Debug|Any CPU = Debug|Any CPU
		Release|Any CPU = Release|Any CPU
	EndGlobalSection
	GlobalSection(ProjectConfigurationPlatforms) = postSolution
		{2461776F-CBEB-423A-B979-93D440A608C1}.Debug|Any CPU.ActiveCfg = Debug|Any CPU
		{2461776F-CBEB-423A-B979-93D440A608C1}.Debug|Any CPU.Build.0 = Debug|Any CPU
		{2461776F-CBEB-423A-B979-93D440A608C1}.Release|Any CPU.ActiveCfg = Release|Any CPU
		{2461776F-CBEB-423A-B979-93D440A608C1}.Release|Any CPU.Build.0 = Release|Any CPU
	EndGlobalSection
	GlobalSection(SolutionProperties) = preSolution
		HideSolutionNode = FALSE
	EndGlobalSection
	GlobalSection(ExtensibilityGlobals) = postSolution
		SolutionGuid = {403E0289-2C10-4044-B132-0B366E45AAE0}
	EndGlobalSection
EndGlobal
